
Microsoft Visual Studio Solution File, Format Version 12.00
# Visual Studio Version 16
VisualStudioVersion = 16.0.809.6
MinimumVisualStudioVersion = 10.0.40219.1
Project("{FAE04EC0-301F-11D3-BF4B-00C04F79EFBC}") = "Proy-01", "Proy-01\Proy-01.csproj", "{172C3DE1-1CC1-41A5-99B0-C8BDBC859B71}"
EndProject
Project("{FAE04EC0-301F-11D3-BF4B-00C04F79EFBC}") = "Proy-02", "Proy-02\Proy-02.csproj", "{420D3E20-033E-44D6-B3A5-15989A3E4CC9}"
EndProject
Project("{FAE04EC0-301F-11D3-BF4B-00C04F79EFBC}") = "Proy-03", "Proy-03\Proy-03.csproj", "{8596FEC4-2E08-4549-9393-80BE1C10EB83}"
EndProject
Project("{FAE04EC0-301F-11D3-BF4B-00C04F79EFBC}") = "Control-de-Errores", "Control-de-Errores\Control-de-Errores.csproj", "{D5AA8B48-AE47-448B-8DCB-DAA60D5CC7C6}"
EndProject
Project("{FAE04EC0-301F-11D3-BF4B-00C04F79EFBC}") = "Proy-Consola-01", "Proy-Consola-01\Proy-Consola-01.csproj", "{A3CD9A4A-8308-41E6-8D35-1C83217A60B5}"
EndProject
Project("{FAE04EC0-301F-11D3-BF4B-00C04F79EFBC}") = "Proy-04", "Proy-04\Proy-04.csproj", "{63F3C97B-597B-4748-AA98-6E68D85617A6}"
EndProject
Project("{FAE04EC0-301F-11D3-BF4B-00C04F79EFBC}") = "Proy-Consola-02", "Proy-Consola-02\Proy-Consola-02.csproj", "{0057A76A-3B96-4CDC-9DAF-F623D13DC0F7}"
EndProject
Global
	GlobalSection(SolutionConfigurationPlatforms) = preSolution
		Debug|Any CPU = Debug|Any CPU
		Release|Any CPU = Release|Any CPU
	EndGlobalSection
	GlobalSection(ProjectConfigurationPlatforms) = postSolution
		{172C3DE1-1CC1-41A5-99B0-C8BDBC859B71}.Debug|Any CPU.ActiveCfg = Debug|Any CPU
		{172C3DE1-1CC1-41A5-99B0-C8BDBC859B71}.Debug|Any CPU.Build.0 = Debug|Any CPU
		{172C3DE1-1CC1-41A5-99B0-C8BDBC859B71}.Release|Any CPU.ActiveCfg = Release|Any CPU
		{172C3DE1-1CC1-41A5-99B0-C8BDBC859B71}.Release|Any CPU.Build.0 = Release|Any CPU
		{420D3E20-033E-44D6-B3A5-15989A3E4CC9}.Debug|Any CPU.ActiveCfg = Debug|Any CPU
		{420D3E20-033E-44D6-B3A5-15989A3E4CC9}.Debug|Any CPU.Build.0 = Debug|Any CPU
		{420D3E20-033E-44D6-B3A5-15989A3E4CC9}.Release|Any CPU.ActiveCfg = Release|Any CPU
		{420D3E20-033E-44D6-B3A5-15989A3E4CC9}.Release|Any CPU.Build.0 = Release|Any CPU
		{8596FEC4-2E08-4549-9393-80BE1C10EB83}.Debug|Any CPU.ActiveCfg = Debug|Any CPU
		{8596FEC4-2E08-4549-9393-80BE1C10EB83}.Debug|Any CPU.Build.0 = Debug|Any CPU
		{8596FEC4-2E08-4549-9393-80BE1C10EB83}.Release|Any CPU.ActiveCfg = Release|Any CPU
		{8596FEC4-2E08-4549-9393-80BE1C10EB83}.Release|Any CPU.Build.0 = Release|Any CPU
		{D5AA8B48-AE47-448B-8DCB-DAA60D5CC7C6}.Debug|Any CPU.ActiveCfg = Debug|Any CPU
		{D5AA8B48-AE47-448B-8DCB-DAA60D5CC7C6}.Debug|Any CPU.Build.0 = Debug|Any CPU
		{D5AA8B48-AE47-448B-8DCB-DAA60D5CC7C6}.Release|Any CPU.ActiveCfg = Release|Any CPU
		{D5AA8B48-AE47-448B-8DCB-DAA60D5CC7C6}.Release|Any CPU.Build.0 = Release|Any CPU
		{A3CD9A4A-8308-41E6-8D35-1C83217A60B5}.Debug|Any CPU.ActiveCfg = Debug|Any CPU
		{A3CD9A4A-8308-41E6-8D35-1C83217A60B5}.Debug|Any CPU.Build.0 = Debug|Any CPU
		{A3CD9A4A-8308-41E6-8D35-1C83217A60B5}.Release|Any CPU.ActiveCfg = Release|Any CPU
		{A3CD9A4A-8308-41E6-8D35-1C83217A60B5}.Release|Any CPU.Build.0 = Release|Any CPU
		{63F3C97B-597B-4748-AA98-6E68D85617A6}.Debug|Any CPU.ActiveCfg = Debug|Any CPU
		{63F3C97B-597B-4748-AA98-6E68D85617A6}.Debug|Any CPU.Build.0 = Debug|Any CPU
		{63F3C97B-597B-4748-AA98-6E68D85617A6}.Release|Any CPU.ActiveCfg = Release|Any CPU
		{63F3C97B-597B-4748-AA98-6E68D85617A6}.Release|Any CPU.Build.0 = Release|Any CPU
		{0057A76A-3B96-4CDC-9DAF-F623D13DC0F7}.Debug|Any CPU.ActiveCfg = Debug|Any CPU
		{0057A76A-3B96-4CDC-9DAF-F623D13DC0F7}.Debug|Any CPU.Build.0 = Debug|Any CPU
		{0057A76A-3B96-4CDC-9DAF-F623D13DC0F7}.Release|Any CPU.ActiveCfg = Release|Any CPU
		{0057A76A-3B96-4CDC-9DAF-F623D13DC0F7}.Release|Any CPU.Build.0 = Release|Any CPU
	EndGlobalSection
	GlobalSection(SolutionProperties) = preSolution
		HideSolutionNode = FALSE
	EndGlobalSection
	GlobalSection(ExtensibilityGlobals) = postSolution
		SolutionGuid = {CAAC570F-B9D2-4DB4-8BDB-620101571064}
	EndGlobalSection
EndGlobal
